
Microsoft Visual Studio Solution File, Format Version 12.00
# Visual Studio Version 17
VisualStudioVersion = 17.0.31903.59
MinimumVisualStudioVersion = 10.0.40219.1
Project("{2150E333-8FDC-42A3-9474-1A3956D46DE8}") = "src", "src", "{7575C913-5771-49A6-8113-A3F1016A4DEF}"
EndProject
Project("{FAE04EC0-301F-11D3-BF4B-00C04F79EFBC}") = "Chirp.Core", "src\Chirp.Core\Chirp.Core.csproj", "{334C86CC-DAD8-488E-B346-A82665617810}"
EndProject
Project("{FAE04EC0-301F-11D3-BF4B-00C04F79EFBC}") = "Chirp.Infrastructure", "src\Chirp.Infrastructure\Chirp.Infrastructure.csproj", "{14D6096E-C8A4-4632-80CA-5AAD1CBEA835}"
EndProject
Project("{FAE04EC0-301F-11D3-BF4B-00C04F79EFBC}") = "Chirp.Web", "src\Chirp.Web\Chirp.Web.csproj", "{38A64115-20C9-4364-9FB3-43E37F2EF8B7}"
EndProject
Project("{2150E333-8FDC-42A3-9474-1A3956D46DE8}") = "test", "test", "{BE837B1B-42E5-4D3A-8F52-91694ECA3BCF}"
EndProject
Project("{2150E333-8FDC-42A3-9474-1A3956D46DE8}") = "unit", "unit", "{EE364C89-6054-4FF2-98B1-2095073994D5}"
EndProject
Project("{FAE04EC0-301F-11D3-BF4B-00C04F79EFBC}") = "cheepRepositoryTests", "test\unit\cheepRepositoryTests\cheepRepositoryTests.csproj", "{FA17DF90-2176-4D47-9CC5-BA096AA26D8C}"
EndProject
Project("{FAE04EC0-301F-11D3-BF4B-00C04F79EFBC}") = "authorRepositoryTests", "test\unit\authorRepositoryTests\authorRepositoryTests.csproj", "{64DBE212-8F43-42B3-8116-D4E60F5F4051}"
EndProject
Project("{FAE04EC0-301F-11D3-BF4B-00C04F79EFBC}") = "PlaywrightTests", "test\PlaywrightTests\PlaywrightTests.csproj", "{6667873C-E6CE-4CC2-9020-EEC19993666A}"
EndProject
Global
	GlobalSection(SolutionConfigurationPlatforms) = preSolution
		Debug|Any CPU = Debug|Any CPU
		Release|Any CPU = Release|Any CPU
	EndGlobalSection
	GlobalSection(SolutionProperties) = preSolution
		HideSolutionNode = FALSE
	EndGlobalSection
	GlobalSection(ProjectConfigurationPlatforms) = postSolution
		{334C86CC-DAD8-488E-B346-A82665617810}.Debug|Any CPU.ActiveCfg = Debug|Any CPU
		{334C86CC-DAD8-488E-B346-A82665617810}.Debug|Any CPU.Build.0 = Debug|Any CPU
		{334C86CC-DAD8-488E-B346-A82665617810}.Release|Any CPU.ActiveCfg = Release|Any CPU
		{334C86CC-DAD8-488E-B346-A82665617810}.Release|Any CPU.Build.0 = Release|Any CPU
		{14D6096E-C8A4-4632-80CA-5AAD1CBEA835}.Debug|Any CPU.ActiveCfg = Debug|Any CPU
		{14D6096E-C8A4-4632-80CA-5AAD1CBEA835}.Debug|Any CPU.Build.0 = Debug|Any CPU
		{14D6096E-C8A4-4632-80CA-5AAD1CBEA835}.Release|Any CPU.ActiveCfg = Release|Any CPU
		{14D6096E-C8A4-4632-80CA-5AAD1CBEA835}.Release|Any CPU.Build.0 = Release|Any CPU
		{38A64115-20C9-4364-9FB3-43E37F2EF8B7}.Debug|Any CPU.ActiveCfg = Debug|Any CPU
		{38A64115-20C9-4364-9FB3-43E37F2EF8B7}.Debug|Any CPU.Build.0 = Debug|Any CPU
		{38A64115-20C9-4364-9FB3-43E37F2EF8B7}.Release|Any CPU.ActiveCfg = Release|Any CPU
		{38A64115-20C9-4364-9FB3-43E37F2EF8B7}.Release|Any CPU.Build.0 = Release|Any CPU
		{FA17DF90-2176-4D47-9CC5-BA096AA26D8C}.Debug|Any CPU.ActiveCfg = Debug|Any CPU
		{FA17DF90-2176-4D47-9CC5-BA096AA26D8C}.Debug|Any CPU.Build.0 = Debug|Any CPU
		{FA17DF90-2176-4D47-9CC5-BA096AA26D8C}.Release|Any CPU.ActiveCfg = Release|Any CPU
		{FA17DF90-2176-4D47-9CC5-BA096AA26D8C}.Release|Any CPU.Build.0 = Release|Any CPU
		{64DBE212-8F43-42B3-8116-D4E60F5F4051}.Debug|Any CPU.ActiveCfg = Debug|Any CPU
		{64DBE212-8F43-42B3-8116-D4E60F5F4051}.Debug|Any CPU.Build.0 = Debug|Any CPU
		{64DBE212-8F43-42B3-8116-D4E60F5F4051}.Release|Any CPU.ActiveCfg = Release|Any CPU
		{64DBE212-8F43-42B3-8116-D4E60F5F4051}.Release|Any CPU.Build.0 = Release|Any CPU
		{6667873C-E6CE-4CC2-9020-EEC19993666A}.Debug|Any CPU.ActiveCfg = Debug|Any CPU
		{6667873C-E6CE-4CC2-9020-EEC19993666A}.Debug|Any CPU.Build.0 = Debug|Any CPU
		{6667873C-E6CE-4CC2-9020-EEC19993666A}.Release|Any CPU.ActiveCfg = Release|Any CPU
		{6667873C-E6CE-4CC2-9020-EEC19993666A}.Release|Any CPU.Build.0 = Release|Any CPU
	EndGlobalSection
	GlobalSection(NestedProjects) = preSolution
		{334C86CC-DAD8-488E-B346-A82665617810} = {7575C913-5771-49A6-8113-A3F1016A4DEF}
		{14D6096E-C8A4-4632-80CA-5AAD1CBEA835} = {7575C913-5771-49A6-8113-A3F1016A4DEF}
		{38A64115-20C9-4364-9FB3-43E37F2EF8B7} = {7575C913-5771-49A6-8113-A3F1016A4DEF}
		{EE364C89-6054-4FF2-98B1-2095073994D5} = {BE837B1B-42E5-4D3A-8F52-91694ECA3BCF}
		{FA17DF90-2176-4D47-9CC5-BA096AA26D8C} = {EE364C89-6054-4FF2-98B1-2095073994D5}
		{64DBE212-8F43-42B3-8116-D4E60F5F4051} = {EE364C89-6054-4FF2-98B1-2095073994D5}
		{6667873C-E6CE-4CC2-9020-EEC19993666A} = {BE837B1B-42E5-4D3A-8F52-91694ECA3BCF}
	EndGlobalSection
EndGlobal
