
Microsoft Visual Studio Solution File, Format Version 12.00
# Visual Studio Version 17
VisualStudioVersion = 17.0.31903.59
MinimumVisualStudioVersion = 10.0.40219.1
Project("{2150E333-8FDC-42A3-9474-1A3956D46DE8}") = "src", "src", "{A3CA68FB-BB16-4C30-8D18-952F2B3959CD}"
EndProject
Project("{FAE04EC0-301F-11D3-BF4B-00C04F79EFBC}") = "Chirp.Core", "src\Chirp.Core\Chirp.Core.csproj", "{6BA570A1-FF14-4679-BA4C-56728FF4E2E4}"
EndProject
Project("{FAE04EC0-301F-11D3-BF4B-00C04F79EFBC}") = "Chirp.Infrastructure", "src\Chirp.Infrastructure\Chirp.Infrastructure.csproj", "{20A56A88-C6D7-4A9A-8938-9C50850A54F6}"
EndProject
Project("{FAE04EC0-301F-11D3-BF4B-00C04F79EFBC}") = "Chirp.Web", "src\Chirp.Web\Chirp.Web.csproj", "{FF03F9D3-CF22-450D-A1E1-B505A9101F76}"
EndProject
Project("{2150E333-8FDC-42A3-9474-1A3956D46DE8}") = "test", "test", "{21869E15-BF3B-4F0F-AC5A-7BCF37D20EB1}"
EndProject
Project("{FAE04EC0-301F-11D3-BF4B-00C04F79EFBC}") = "Chirp.ApiTests", "test\Chirp.ApiTests\Chirp.ApiTests.csproj", "{09745D15-98C0-44EF-AF17-DAA067172290}"
EndProject
Project("{FAE04EC0-301F-11D3-BF4B-00C04F79EFBC}") = "Chirp.E2ETest", "test\Chirp.E2ETest\Chirp.E2ETest.csproj", "{FD1A4EB3-7362-4A2A-9B22-73A77B2001D9}"
EndProject
Project("{FAE04EC0-301F-11D3-BF4B-00C04F79EFBC}") = "integration", "test\integration\integration.csproj", "{04EBFA1F-3D38-4634-9038-388191EECD5B}"
EndProject
Project("{FAE04EC0-301F-11D3-BF4B-00C04F79EFBC}") = "unit", "test\unit\unit.csproj", "{568F4827-9C82-455A-80B7-CEA7CAB44A2D}"
EndProject
Global
	GlobalSection(SolutionConfigurationPlatforms) = preSolution
		Debug|Any CPU = Debug|Any CPU
		Release|Any CPU = Release|Any CPU
	EndGlobalSection
	GlobalSection(SolutionProperties) = preSolution
		HideSolutionNode = FALSE
	EndGlobalSection
	GlobalSection(ProjectConfigurationPlatforms) = postSolution
		{6BA570A1-FF14-4679-BA4C-56728FF4E2E4}.Debug|Any CPU.ActiveCfg = Debug|Any CPU
		{6BA570A1-FF14-4679-BA4C-56728FF4E2E4}.Debug|Any CPU.Build.0 = Debug|Any CPU
		{6BA570A1-FF14-4679-BA4C-56728FF4E2E4}.Release|Any CPU.ActiveCfg = Release|Any CPU
		{6BA570A1-FF14-4679-BA4C-56728FF4E2E4}.Release|Any CPU.Build.0 = Release|Any CPU
		{20A56A88-C6D7-4A9A-8938-9C50850A54F6}.Debug|Any CPU.ActiveCfg = Debug|Any CPU
		{20A56A88-C6D7-4A9A-8938-9C50850A54F6}.Debug|Any CPU.Build.0 = Debug|Any CPU
		{20A56A88-C6D7-4A9A-8938-9C50850A54F6}.Release|Any CPU.ActiveCfg = Release|Any CPU
		{20A56A88-C6D7-4A9A-8938-9C50850A54F6}.Release|Any CPU.Build.0 = Release|Any CPU
		{FF03F9D3-CF22-450D-A1E1-B505A9101F76}.Debug|Any CPU.ActiveCfg = Debug|Any CPU
		{FF03F9D3-CF22-450D-A1E1-B505A9101F76}.Debug|Any CPU.Build.0 = Debug|Any CPU
		{FF03F9D3-CF22-450D-A1E1-B505A9101F76}.Release|Any CPU.ActiveCfg = Release|Any CPU
		{FF03F9D3-CF22-450D-A1E1-B505A9101F76}.Release|Any CPU.Build.0 = Release|Any CPU
		{09745D15-98C0-44EF-AF17-DAA067172290}.Debug|Any CPU.ActiveCfg = Debug|Any CPU
		{09745D15-98C0-44EF-AF17-DAA067172290}.Debug|Any CPU.Build.0 = Debug|Any CPU
		{09745D15-98C0-44EF-AF17-DAA067172290}.Release|Any CPU.ActiveCfg = Release|Any CPU
		{09745D15-98C0-44EF-AF17-DAA067172290}.Release|Any CPU.Build.0 = Release|Any CPU
		{FD1A4EB3-7362-4A2A-9B22-73A77B2001D9}.Debug|Any CPU.ActiveCfg = Debug|Any CPU
		{FD1A4EB3-7362-4A2A-9B22-73A77B2001D9}.Debug|Any CPU.Build.0 = Debug|Any CPU
		{FD1A4EB3-7362-4A2A-9B22-73A77B2001D9}.Release|Any CPU.ActiveCfg = Release|Any CPU
		{FD1A4EB3-7362-4A2A-9B22-73A77B2001D9}.Release|Any CPU.Build.0 = Release|Any CPU
		{04EBFA1F-3D38-4634-9038-388191EECD5B}.Debug|Any CPU.ActiveCfg = Debug|Any CPU
		{04EBFA1F-3D38-4634-9038-388191EECD5B}.Debug|Any CPU.Build.0 = Debug|Any CPU
		{04EBFA1F-3D38-4634-9038-388191EECD5B}.Release|Any CPU.ActiveCfg = Release|Any CPU
		{04EBFA1F-3D38-4634-9038-388191EECD5B}.Release|Any CPU.Build.0 = Release|Any CPU
		{568F4827-9C82-455A-80B7-CEA7CAB44A2D}.Debug|Any CPU.ActiveCfg = Debug|Any CPU
		{568F4827-9C82-455A-80B7-CEA7CAB44A2D}.Debug|Any CPU.Build.0 = Debug|Any CPU
		{568F4827-9C82-455A-80B7-CEA7CAB44A2D}.Release|Any CPU.ActiveCfg = Release|Any CPU
		{568F4827-9C82-455A-80B7-CEA7CAB44A2D}.Release|Any CPU.Build.0 = Release|Any CPU
	EndGlobalSection
	GlobalSection(NestedProjects) = preSolution
		{6BA570A1-FF14-4679-BA4C-56728FF4E2E4} = {A3CA68FB-BB16-4C30-8D18-952F2B3959CD}
		{20A56A88-C6D7-4A9A-8938-9C50850A54F6} = {A3CA68FB-BB16-4C30-8D18-952F2B3959CD}
		{FF03F9D3-CF22-450D-A1E1-B505A9101F76} = {A3CA68FB-BB16-4C30-8D18-952F2B3959CD}
		{09745D15-98C0-44EF-AF17-DAA067172290} = {21869E15-BF3B-4F0F-AC5A-7BCF37D20EB1}
		{FD1A4EB3-7362-4A2A-9B22-73A77B2001D9} = {21869E15-BF3B-4F0F-AC5A-7BCF37D20EB1}
		{04EBFA1F-3D38-4634-9038-388191EECD5B} = {21869E15-BF3B-4F0F-AC5A-7BCF37D20EB1}
		{568F4827-9C82-455A-80B7-CEA7CAB44A2D} = {21869E15-BF3B-4F0F-AC5A-7BCF37D20EB1}
	EndGlobalSection
EndGlobal
