
Microsoft Visual Studio Solution File, Format Version 12.00
# Visual Studio Version 17
VisualStudioVersion = 17.0.31903.59
MinimumVisualStudioVersion = 10.0.40219.1
Project("{2150E333-8FDC-42A3-9474-1A3956D46DE8}") = "src", "src", "{CAE93A51-4F87-483D-BAC3-9CDF8D538876}"
EndProject
Project("{FAE04EC0-301F-11D3-BF4B-00C04F79EFBC}") = "Chirp.CLI", "src\Chirp.CLI\Chirp.CLI.csproj", "{DDF2E6A2-9E36-4C4F-A19A-3D08AA3B4B23}"
EndProject
Project("{FAE04EC0-301F-11D3-BF4B-00C04F79EFBC}") = "SimpleDB", "src\SimpleDB\SimpleDB.csproj", "{CC4C503C-626B-4FFA-AE97-DFD75B14F526}"
EndProject
Global
	GlobalSection(SolutionConfigurationPlatforms) = preSolution
		Debug|Any CPU = Debug|Any CPU
		Release|Any CPU = Release|Any CPU
	EndGlobalSection
	GlobalSection(SolutionProperties) = preSolution
		HideSolutionNode = FALSE
	EndGlobalSection
	GlobalSection(ProjectConfigurationPlatforms) = postSolution
		{DDF2E6A2-9E36-4C4F-A19A-3D08AA3B4B23}.Debug|Any CPU.ActiveCfg = Debug|Any CPU
		{DDF2E6A2-9E36-4C4F-A19A-3D08AA3B4B23}.Debug|Any CPU.Build.0 = Debug|Any CPU
		{DDF2E6A2-9E36-4C4F-A19A-3D08AA3B4B23}.Release|Any CPU.ActiveCfg = Release|Any CPU
		{DDF2E6A2-9E36-4C4F-A19A-3D08AA3B4B23}.Release|Any CPU.Build.0 = Release|Any CPU
		{CC4C503C-626B-4FFA-AE97-DFD75B14F526}.Debug|Any CPU.ActiveCfg = Debug|Any CPU
		{CC4C503C-626B-4FFA-AE97-DFD75B14F526}.Debug|Any CPU.Build.0 = Debug|Any CPU
		{CC4C503C-626B-4FFA-AE97-DFD75B14F526}.Release|Any CPU.ActiveCfg = Release|Any CPU
		{CC4C503C-626B-4FFA-AE97-DFD75B14F526}.Release|Any CPU.Build.0 = Release|Any CPU
	EndGlobalSection
	GlobalSection(NestedProjects) = preSolution
		{DDF2E6A2-9E36-4C4F-A19A-3D08AA3B4B23} = {CAE93A51-4F87-483D-BAC3-9CDF8D538876}
		{CC4C503C-626B-4FFA-AE97-DFD75B14F526} = {CAE93A51-4F87-483D-BAC3-9CDF8D538876}
	EndGlobalSection
EndGlobal
