
Microsoft Visual Studio Solution File, Format Version 12.00
# Visual Studio Version 17
VisualStudioVersion = 17.5.002.0
MinimumVisualStudioVersion = 10.0.40219.1
Project("{9A19103F-16F7-4668-BE54-9A1E7A4F7556}") = "Chirp.CLI", "Chirp.CLI\Chirp.CLI.csproj", "{3811EE36-63B7-4EEB-81C9-475878166922}"
EndProject
Global
	GlobalSection(SolutionConfigurationPlatforms) = preSolution
		Debug|Any CPU = Debug|Any CPU
		Release|Any CPU = Release|Any CPU
	EndGlobalSection
	GlobalSection(ProjectConfigurationPlatforms) = postSolution
		{3811EE36-63B7-4EEB-81C9-475878166922}.Debug|Any CPU.ActiveCfg = Debug|Any CPU
		{3811EE36-63B7-4EEB-81C9-475878166922}.Debug|Any CPU.Build.0 = Debug|Any CPU
		{3811EE36-63B7-4EEB-81C9-475878166922}.Release|Any CPU.ActiveCfg = Release|Any CPU
		{3811EE36-63B7-4EEB-81C9-475878166922}.Release|Any CPU.Build.0 = Release|Any CPU
	EndGlobalSection
	GlobalSection(SolutionProperties) = preSolution
		HideSolutionNode = FALSE
	EndGlobalSection
	GlobalSection(ExtensibilityGlobals) = postSolution
		SolutionGuid = {823611C0-D88A-4034-BF1E-E3BCBC7E301E}
	EndGlobalSection
EndGlobal
